
Microsoft Visual Studio Solution File, Format Version 12.00
# Visual Studio Version 16
VisualStudioVersion = 16.0.31112.23
MinimumVisualStudioVersion = 10.0.40219.1
Project("{FAE04EC0-301F-11D3-BF4B-00C04F79EFBC}") = "HomeWork4-1", "HomeWork4\HomeWork4-1.csproj", "{FB40EEFE-000F-4777-AB39-8475C4813EEB}"
EndProject
Project("{FAE04EC0-301F-11D3-BF4B-00C04F79EFBC}") = "HomeWork4-2", "HomeWork4-2\HomeWork4-2.csproj", "{F63E08F8-03B2-42A8-A437-33AAF89A37B0}"
EndProject
Global
	GlobalSection(SolutionConfigurationPlatforms) = preSolution
		Debug|Any CPU = Debug|Any CPU
		Release|Any CPU = Release|Any CPU
	EndGlobalSection
	GlobalSection(ProjectConfigurationPlatforms) = postSolution
		{FB40EEFE-000F-4777-AB39-8475C4813EEB}.Debug|Any CPU.ActiveCfg = Debug|Any CPU
		{FB40EEFE-000F-4777-AB39-8475C4813EEB}.Debug|Any CPU.Build.0 = Debug|Any CPU
		{FB40EEFE-000F-4777-AB39-8475C4813EEB}.Release|Any CPU.ActiveCfg = Release|Any CPU
		{FB40EEFE-000F-4777-AB39-8475C4813EEB}.Release|Any CPU.Build.0 = Release|Any CPU
		{F63E08F8-03B2-42A8-A437-33AAF89A37B0}.Debug|Any CPU.ActiveCfg = Debug|Any CPU
		{F63E08F8-03B2-42A8-A437-33AAF89A37B0}.Debug|Any CPU.Build.0 = Debug|Any CPU
		{F63E08F8-03B2-42A8-A437-33AAF89A37B0}.Release|Any CPU.ActiveCfg = Release|Any CPU
		{F63E08F8-03B2-42A8-A437-33AAF89A37B0}.Release|Any CPU.Build.0 = Release|Any CPU
	EndGlobalSection
	GlobalSection(SolutionProperties) = preSolution
		HideSolutionNode = FALSE
	EndGlobalSection
	GlobalSection(ExtensibilityGlobals) = postSolution
		SolutionGuid = {FFAB865F-9C7B-473B-9503-19C409E8A95F}
	EndGlobalSection
EndGlobal
